
Microsoft Visual Studio Solution File, Format Version 12.00
# Visual Studio Version 17
VisualStudioVersion = 17.11.35431.28
MinimumVisualStudioVersion = 10.0.40219.1
Project("{2150E333-8FDC-42A3-9474-1A3956D46DE8}") = "Services", "Services", "{41994179-0FF7-464F-BE6E-8B92127ACAA2}"
EndProject
Project("{2150E333-8FDC-42A3-9474-1A3956D46DE8}") = "Catalog", "Catalog", "{F0CEB120-F739-4973-884D-3575CB610CD8}"
EndProject
Project("{FAE04EC0-301F-11D3-BF4B-00C04F79EFBC}") = "Catalog.API", "Services\Catalog\Catalog.API\Catalog.API.csproj", "{7F754A6E-CC9E-493E-83A1-9E60A4C02027}"
EndProject
Project("{2150E333-8FDC-42A3-9474-1A3956D46DE8}") = "BuildingBlocks", "BuildingBlocks", "{B6AF6234-BA59-45F2-B19F-FCF13E8F3DA1}"
EndProject
Project("{FAE04EC0-301F-11D3-BF4B-00C04F79EFBC}") = "BuildingBlocks", "BuildingBlocks\BuildingBlocks\BuildingBlocks.csproj", "{8764DC4D-E466-4B4E-A355-9E309277A82F}"
EndProject
Project("{E53339B2-1760-4266-BCC7-CA923CBCF16C}") = "docker-compose", "docker-compose.dcproj", "{0FD58353-5325-4DBB-A5E5-C9B302DA030F}"
EndProject
Project("{2150E333-8FDC-42A3-9474-1A3956D46DE8}") = "Basket", "Basket", "{68D013AE-FB14-4A2E-B2B6-16196EC37416}"
EndProject
Project("{FAE04EC0-301F-11D3-BF4B-00C04F79EFBC}") = "Basket.API", "Services\Basket\Basket.API\Basket.API.csproj", "{338CAC2E-A2A9-45AE-85B0-D5F502185FED}"
EndProject
Project("{2150E333-8FDC-42A3-9474-1A3956D46DE8}") = "Discount", "Discount", "{10815EFD-530E-4DA4-9CD1-626DD256AD3D}"
EndProject
Project("{FAE04EC0-301F-11D3-BF4B-00C04F79EFBC}") = "Discount.Grpc", "Services\Discount\Discount.Grpc\Discount.Grpc.csproj", "{FD70EF8C-AB51-4554-8BE6-2AD55E8C5599}"
EndProject
Project("{2150E333-8FDC-42A3-9474-1A3956D46DE8}") = "Ordering", "Ordering", "{B82AEFC2-87F7-4D07-B217-83AA5718DD94}"
EndProject
Project("{FAE04EC0-301F-11D3-BF4B-00C04F79EFBC}") = "Ordering.API", "Services\Ordering\Ordering.API\Ordering.API.csproj", "{4241A91C-A16A-429F-98B7-71913DDF3D48}"
EndProject
Project("{FAE04EC0-301F-11D3-BF4B-00C04F79EFBC}") = "Ordering.Domain", "Services\Ordering\Ordering.Domain\Ordering.Domain.csproj", "{59BD899E-3F20-42F4-A997-0AC8EC67AC8D}"
EndProject
Project("{FAE04EC0-301F-11D3-BF4B-00C04F79EFBC}") = "Ordering.Application", "Services\Ordering\Ordering.Application\Ordering.Application.csproj", "{5C2EFF4D-372D-4B6C-A0B4-FDEB18B6C7F0}"
EndProject
Project("{FAE04EC0-301F-11D3-BF4B-00C04F79EFBC}") = "Ordering.Infrastructure", "Services\Ordering\Ordering.Infrastructure\Ordering.Infrastructure.csproj", "{61E8AECB-38E2-4D51-8D84-58395EE0AA97}"
EndProject
Global
	GlobalSection(SolutionConfigurationPlatforms) = preSolution
		Debug|Any CPU = Debug|Any CPU
		Release|Any CPU = Release|Any CPU
	EndGlobalSection
	GlobalSection(ProjectConfigurationPlatforms) = postSolution
		{7F754A6E-CC9E-493E-83A1-9E60A4C02027}.Debug|Any CPU.ActiveCfg = Debug|Any CPU
		{7F754A6E-CC9E-493E-83A1-9E60A4C02027}.Debug|Any CPU.Build.0 = Debug|Any CPU
		{7F754A6E-CC9E-493E-83A1-9E60A4C02027}.Release|Any CPU.ActiveCfg = Release|Any CPU
		{7F754A6E-CC9E-493E-83A1-9E60A4C02027}.Release|Any CPU.Build.0 = Release|Any CPU
		{8764DC4D-E466-4B4E-A355-9E309277A82F}.Debug|Any CPU.ActiveCfg = Debug|Any CPU
		{8764DC4D-E466-4B4E-A355-9E309277A82F}.Debug|Any CPU.Build.0 = Debug|Any CPU
		{8764DC4D-E466-4B4E-A355-9E309277A82F}.Release|Any CPU.ActiveCfg = Release|Any CPU
		{8764DC4D-E466-4B4E-A355-9E309277A82F}.Release|Any CPU.Build.0 = Release|Any CPU
		{0FD58353-5325-4DBB-A5E5-C9B302DA030F}.Debug|Any CPU.ActiveCfg = Debug|Any CPU
		{0FD58353-5325-4DBB-A5E5-C9B302DA030F}.Debug|Any CPU.Build.0 = Debug|Any CPU
		{0FD58353-5325-4DBB-A5E5-C9B302DA030F}.Release|Any CPU.ActiveCfg = Release|Any CPU
		{0FD58353-5325-4DBB-A5E5-C9B302DA030F}.Release|Any CPU.Build.0 = Release|Any CPU
		{338CAC2E-A2A9-45AE-85B0-D5F502185FED}.Debug|Any CPU.ActiveCfg = Debug|Any CPU
		{338CAC2E-A2A9-45AE-85B0-D5F502185FED}.Debug|Any CPU.Build.0 = Debug|Any CPU
		{338CAC2E-A2A9-45AE-85B0-D5F502185FED}.Release|Any CPU.ActiveCfg = Release|Any CPU
		{338CAC2E-A2A9-45AE-85B0-D5F502185FED}.Release|Any CPU.Build.0 = Release|Any CPU
		{FD70EF8C-AB51-4554-8BE6-2AD55E8C5599}.Debug|Any CPU.ActiveCfg = Debug|Any CPU
		{FD70EF8C-AB51-4554-8BE6-2AD55E8C5599}.Debug|Any CPU.Build.0 = Debug|Any CPU
		{FD70EF8C-AB51-4554-8BE6-2AD55E8C5599}.Release|Any CPU.ActiveCfg = Release|Any CPU
		{FD70EF8C-AB51-4554-8BE6-2AD55E8C5599}.Release|Any CPU.Build.0 = Release|Any CPU
		{4241A91C-A16A-429F-98B7-71913DDF3D48}.Debug|Any CPU.ActiveCfg = Debug|Any CPU
		{4241A91C-A16A-429F-98B7-71913DDF3D48}.Debug|Any CPU.Build.0 = Debug|Any CPU
		{4241A91C-A16A-429F-98B7-71913DDF3D48}.Release|Any CPU.ActiveCfg = Release|Any CPU
		{4241A91C-A16A-429F-98B7-71913DDF3D48}.Release|Any CPU.Build.0 = Release|Any CPU
		{59BD899E-3F20-42F4-A997-0AC8EC67AC8D}.Debug|Any CPU.ActiveCfg = Debug|Any CPU
		{59BD899E-3F20-42F4-A997-0AC8EC67AC8D}.Debug|Any CPU.Build.0 = Debug|Any CPU
		{59BD899E-3F20-42F4-A997-0AC8EC67AC8D}.Release|Any CPU.ActiveCfg = Release|Any CPU
		{59BD899E-3F20-42F4-A997-0AC8EC67AC8D}.Release|Any CPU.Build.0 = Release|Any CPU
		{5C2EFF4D-372D-4B6C-A0B4-FDEB18B6C7F0}.Debug|Any CPU.ActiveCfg = Debug|Any CPU
		{5C2EFF4D-372D-4B6C-A0B4-FDEB18B6C7F0}.Debug|Any CPU.Build.0 = Debug|Any CPU
		{5C2EFF4D-372D-4B6C-A0B4-FDEB18B6C7F0}.Release|Any CPU.ActiveCfg = Release|Any CPU
		{5C2EFF4D-372D-4B6C-A0B4-FDEB18B6C7F0}.Release|Any CPU.Build.0 = Release|Any CPU
		{61E8AECB-38E2-4D51-8D84-58395EE0AA97}.Debug|Any CPU.ActiveCfg = Debug|Any CPU
		{61E8AECB-38E2-4D51-8D84-58395EE0AA97}.Debug|Any CPU.Build.0 = Debug|Any CPU
		{61E8AECB-38E2-4D51-8D84-58395EE0AA97}.Release|Any CPU.ActiveCfg = Release|Any CPU
		{61E8AECB-38E2-4D51-8D84-58395EE0AA97}.Release|Any CPU.Build.0 = Release|Any CPU
	EndGlobalSection
	GlobalSection(SolutionProperties) = preSolution
		HideSolutionNode = FALSE
	EndGlobalSection
	GlobalSection(NestedProjects) = preSolution
		{F0CEB120-F739-4973-884D-3575CB610CD8} = {41994179-0FF7-464F-BE6E-8B92127ACAA2}
		{7F754A6E-CC9E-493E-83A1-9E60A4C02027} = {F0CEB120-F739-4973-884D-3575CB610CD8}
		{8764DC4D-E466-4B4E-A355-9E309277A82F} = {B6AF6234-BA59-45F2-B19F-FCF13E8F3DA1}
		{68D013AE-FB14-4A2E-B2B6-16196EC37416} = {41994179-0FF7-464F-BE6E-8B92127ACAA2}
		{338CAC2E-A2A9-45AE-85B0-D5F502185FED} = {68D013AE-FB14-4A2E-B2B6-16196EC37416}
		{10815EFD-530E-4DA4-9CD1-626DD256AD3D} = {41994179-0FF7-464F-BE6E-8B92127ACAA2}
		{FD70EF8C-AB51-4554-8BE6-2AD55E8C5599} = {10815EFD-530E-4DA4-9CD1-626DD256AD3D}
		{B82AEFC2-87F7-4D07-B217-83AA5718DD94} = {41994179-0FF7-464F-BE6E-8B92127ACAA2}
		{4241A91C-A16A-429F-98B7-71913DDF3D48} = {B82AEFC2-87F7-4D07-B217-83AA5718DD94}
		{59BD899E-3F20-42F4-A997-0AC8EC67AC8D} = {B82AEFC2-87F7-4D07-B217-83AA5718DD94}
		{5C2EFF4D-372D-4B6C-A0B4-FDEB18B6C7F0} = {B82AEFC2-87F7-4D07-B217-83AA5718DD94}
		{61E8AECB-38E2-4D51-8D84-58395EE0AA97} = {B82AEFC2-87F7-4D07-B217-83AA5718DD94}
	EndGlobalSection
	GlobalSection(ExtensibilityGlobals) = postSolution
		SolutionGuid = {8E5EEE98-8B19-4BA1-94F3-0034DA1FE7DF}
	EndGlobalSection
EndGlobal
